
Microsoft Visual Studio Solution File, Format Version 12.00
# Visual Studio Version 17
VisualStudioVersion = 17.12.35707.178
MinimumVisualStudioVersion = 10.0.40219.1
Project("{2150E333-8FDC-42A3-9474-1A3956D46DE8}") = "1.Application", "1.Application", "{1A8774FE-9E58-429C-8FEC-0D4DE9DA3A52}"
EndProject
Project("{2150E333-8FDC-42A3-9474-1A3956D46DE8}") = "2.Domain", "2.Domain", "{4E1FEF32-790C-4EEF-B088-4DB68A043737}"
EndProject
Project("{2150E333-8FDC-42A3-9474-1A3956D46DE8}") = "3.Infrastructure", "3.Infrastructure", "{5BDFB6E3-8779-430B-A068-C764E70EEBD3}"
EndProject
Project("{2150E333-8FDC-42A3-9474-1A3956D46DE8}") = "4.Presentation", "4.Presentation", "{920584D1-8974-47AE-B958-3012E449FFFC}"
EndProject
Project("{2150E333-8FDC-42A3-9474-1A3956D46DE8}") = "5.Transversal", "5.Transversal", "{95EB25AF-7F1C-4D21-BBAE-1B2B7B3D0A0D}"
EndProject
Project("{2150E333-8FDC-42A3-9474-1A3956D46DE8}") = "6.Testing", "6.Testing", "{E7F0716D-9391-4531-B0BA-2A5AC46B1670}"
EndProject
Project("{FAE04EC0-301F-11D3-BF4B-00C04F79EFBC}") = "API", "API\API.csproj", "{1666FF48-33CF-4E31-B9FA-2BF6D0208BDD}"
EndProject
Project("{FAE04EC0-301F-11D3-BF4B-00C04F79EFBC}") = "Transversal.Common", "Transversal.Common\Transversal.Common.csproj", "{FC2D2335-6EDD-4A08-B0A9-C1A2A3F94FFD}"
EndProject
Project("{FAE04EC0-301F-11D3-BF4B-00C04F79EFBC}") = "Transversal.Mappings", "Transversal.Mappings\Transversal.Mappings.csproj", "{BAD5332D-8CD9-4E3C-950D-7522CAED82C2}"
EndProject
Project("{FAE04EC0-301F-11D3-BF4B-00C04F79EFBC}") = "Application.DTOs", "Application.DTOs\Application.DTOs.csproj", "{2710DC91-9528-400D-A44D-31716C043B4C}"
EndProject
Project("{FAE04EC0-301F-11D3-BF4B-00C04F79EFBC}") = "Application.Interface", "Application.Contracts\Application.Interface.csproj", "{3D190224-92F7-4942-A1EF-B984B7C996AF}"
EndProject
Project("{FAE04EC0-301F-11D3-BF4B-00C04F79EFBC}") = "Application.Services", "Application.Services\Application.Services.csproj", "{B0090BF4-9D81-4A03-A3C1-7EB5A1D4E840}"
EndProject
Project("{FAE04EC0-301F-11D3-BF4B-00C04F79EFBC}") = "Domain.Entities", "Domain.Entities\Domain.Entities.csproj", "{59BCABF1-9C12-4FB7-8FEA-0416BE74C997}"
EndProject
Project("{FAE04EC0-301F-11D3-BF4B-00C04F79EFBC}") = "Infrastructure.Repositories", "Infrastructure.Repositories\Infrastructure.Repositories.csproj", "{09E6174A-838B-4A0E-A67C-03ACF83E5C64}"
EndProject
Project("{FAE04EC0-301F-11D3-BF4B-00C04F79EFBC}") = "Infrastructure.Configuration", "Infrastructure.Configuration\Infrastructure.Configuration.csproj", "{B0F16F7C-C50F-481E-A59F-2681923EA45D}"
EndProject
Project("{FAE04EC0-301F-11D3-BF4B-00C04F79EFBC}") = "Infrastructure.Interface", "Infrastructure.Interface\Infrastructure.Interface.csproj", "{E3DD5B96-1C0D-465B-B5B0-C8C2DE0302D5}"
EndProject
Project("{FAE04EC0-301F-11D3-BF4B-00C04F79EFBC}") = "Application.Tests", "Application.Tests\Application.Tests.csproj", "{93A52F81-3607-4624-B73F-0FD99371F8CD}"
EndProject
Project("{FAE04EC0-301F-11D3-BF4B-00C04F79EFBC}") = "Infrastructure.Tests", "Infrastructure.Tests\Infrastructure.Tests.csproj", "{F1CBC37B-6A01-4C51-9719-FD08E3F5E6F1}"
EndProject
Project("{FAE04EC0-301F-11D3-BF4B-00C04F79EFBC}") = "Transversal.Validator", "Transversal.Validator\Transversal.Validator.csproj", "{CA5C2198-C0B9-4FBA-B351-1CF5A04481BC}"
EndProject
Global
	GlobalSection(SolutionConfigurationPlatforms) = preSolution
		Debug|Any CPU = Debug|Any CPU
		Release|Any CPU = Release|Any CPU
	EndGlobalSection
	GlobalSection(ProjectConfigurationPlatforms) = postSolution
		{1666FF48-33CF-4E31-B9FA-2BF6D0208BDD}.Debug|Any CPU.ActiveCfg = Debug|Any CPU
		{1666FF48-33CF-4E31-B9FA-2BF6D0208BDD}.Debug|Any CPU.Build.0 = Debug|Any CPU
		{1666FF48-33CF-4E31-B9FA-2BF6D0208BDD}.Release|Any CPU.ActiveCfg = Release|Any CPU
		{1666FF48-33CF-4E31-B9FA-2BF6D0208BDD}.Release|Any CPU.Build.0 = Release|Any CPU
		{FC2D2335-6EDD-4A08-B0A9-C1A2A3F94FFD}.Debug|Any CPU.ActiveCfg = Debug|Any CPU
		{FC2D2335-6EDD-4A08-B0A9-C1A2A3F94FFD}.Debug|Any CPU.Build.0 = Debug|Any CPU
		{FC2D2335-6EDD-4A08-B0A9-C1A2A3F94FFD}.Release|Any CPU.ActiveCfg = Release|Any CPU
		{FC2D2335-6EDD-4A08-B0A9-C1A2A3F94FFD}.Release|Any CPU.Build.0 = Release|Any CPU
		{BAD5332D-8CD9-4E3C-950D-7522CAED82C2}.Debug|Any CPU.ActiveCfg = Debug|Any CPU
		{BAD5332D-8CD9-4E3C-950D-7522CAED82C2}.Debug|Any CPU.Build.0 = Debug|Any CPU
		{BAD5332D-8CD9-4E3C-950D-7522CAED82C2}.Release|Any CPU.ActiveCfg = Release|Any CPU
		{BAD5332D-8CD9-4E3C-950D-7522CAED82C2}.Release|Any CPU.Build.0 = Release|Any CPU
		{2710DC91-9528-400D-A44D-31716C043B4C}.Debug|Any CPU.ActiveCfg = Debug|Any CPU
		{2710DC91-9528-400D-A44D-31716C043B4C}.Debug|Any CPU.Build.0 = Debug|Any CPU
		{2710DC91-9528-400D-A44D-31716C043B4C}.Release|Any CPU.ActiveCfg = Release|Any CPU
		{2710DC91-9528-400D-A44D-31716C043B4C}.Release|Any CPU.Build.0 = Release|Any CPU
		{3D190224-92F7-4942-A1EF-B984B7C996AF}.Debug|Any CPU.ActiveCfg = Debug|Any CPU
		{3D190224-92F7-4942-A1EF-B984B7C996AF}.Debug|Any CPU.Build.0 = Debug|Any CPU
		{3D190224-92F7-4942-A1EF-B984B7C996AF}.Release|Any CPU.ActiveCfg = Release|Any CPU
		{3D190224-92F7-4942-A1EF-B984B7C996AF}.Release|Any CPU.Build.0 = Release|Any CPU
		{B0090BF4-9D81-4A03-A3C1-7EB5A1D4E840}.Debug|Any CPU.ActiveCfg = Debug|Any CPU
		{B0090BF4-9D81-4A03-A3C1-7EB5A1D4E840}.Debug|Any CPU.Build.0 = Debug|Any CPU
		{B0090BF4-9D81-4A03-A3C1-7EB5A1D4E840}.Release|Any CPU.ActiveCfg = Release|Any CPU
		{B0090BF4-9D81-4A03-A3C1-7EB5A1D4E840}.Release|Any CPU.Build.0 = Release|Any CPU
		{59BCABF1-9C12-4FB7-8FEA-0416BE74C997}.Debug|Any CPU.ActiveCfg = Debug|Any CPU
		{59BCABF1-9C12-4FB7-8FEA-0416BE74C997}.Debug|Any CPU.Build.0 = Debug|Any CPU
		{59BCABF1-9C12-4FB7-8FEA-0416BE74C997}.Release|Any CPU.ActiveCfg = Release|Any CPU
		{59BCABF1-9C12-4FB7-8FEA-0416BE74C997}.Release|Any CPU.Build.0 = Release|Any CPU
		{09E6174A-838B-4A0E-A67C-03ACF83E5C64}.Debug|Any CPU.ActiveCfg = Debug|Any CPU
		{09E6174A-838B-4A0E-A67C-03ACF83E5C64}.Debug|Any CPU.Build.0 = Debug|Any CPU
		{09E6174A-838B-4A0E-A67C-03ACF83E5C64}.Release|Any CPU.ActiveCfg = Release|Any CPU
		{09E6174A-838B-4A0E-A67C-03ACF83E5C64}.Release|Any CPU.Build.0 = Release|Any CPU
		{B0F16F7C-C50F-481E-A59F-2681923EA45D}.Debug|Any CPU.ActiveCfg = Debug|Any CPU
		{B0F16F7C-C50F-481E-A59F-2681923EA45D}.Debug|Any CPU.Build.0 = Debug|Any CPU
		{B0F16F7C-C50F-481E-A59F-2681923EA45D}.Release|Any CPU.ActiveCfg = Release|Any CPU
		{B0F16F7C-C50F-481E-A59F-2681923EA45D}.Release|Any CPU.Build.0 = Release|Any CPU
		{E3DD5B96-1C0D-465B-B5B0-C8C2DE0302D5}.Debug|Any CPU.ActiveCfg = Debug|Any CPU
		{E3DD5B96-1C0D-465B-B5B0-C8C2DE0302D5}.Debug|Any CPU.Build.0 = Debug|Any CPU
		{E3DD5B96-1C0D-465B-B5B0-C8C2DE0302D5}.Release|Any CPU.ActiveCfg = Release|Any CPU
		{E3DD5B96-1C0D-465B-B5B0-C8C2DE0302D5}.Release|Any CPU.Build.0 = Release|Any CPU
		{93A52F81-3607-4624-B73F-0FD99371F8CD}.Debug|Any CPU.ActiveCfg = Debug|Any CPU
		{93A52F81-3607-4624-B73F-0FD99371F8CD}.Debug|Any CPU.Build.0 = Debug|Any CPU
		{93A52F81-3607-4624-B73F-0FD99371F8CD}.Release|Any CPU.ActiveCfg = Release|Any CPU
		{93A52F81-3607-4624-B73F-0FD99371F8CD}.Release|Any CPU.Build.0 = Release|Any CPU
		{F1CBC37B-6A01-4C51-9719-FD08E3F5E6F1}.Debug|Any CPU.ActiveCfg = Debug|Any CPU
		{F1CBC37B-6A01-4C51-9719-FD08E3F5E6F1}.Debug|Any CPU.Build.0 = Debug|Any CPU
		{F1CBC37B-6A01-4C51-9719-FD08E3F5E6F1}.Release|Any CPU.ActiveCfg = Release|Any CPU
		{F1CBC37B-6A01-4C51-9719-FD08E3F5E6F1}.Release|Any CPU.Build.0 = Release|Any CPU
		{CA5C2198-C0B9-4FBA-B351-1CF5A04481BC}.Debug|Any CPU.ActiveCfg = Debug|Any CPU
		{CA5C2198-C0B9-4FBA-B351-1CF5A04481BC}.Debug|Any CPU.Build.0 = Debug|Any CPU
		{CA5C2198-C0B9-4FBA-B351-1CF5A04481BC}.Release|Any CPU.ActiveCfg = Release|Any CPU
		{CA5C2198-C0B9-4FBA-B351-1CF5A04481BC}.Release|Any CPU.Build.0 = Release|Any CPU
	EndGlobalSection
	GlobalSection(SolutionProperties) = preSolution
		HideSolutionNode = FALSE
	EndGlobalSection
	GlobalSection(NestedProjects) = preSolution
		{1666FF48-33CF-4E31-B9FA-2BF6D0208BDD} = {920584D1-8974-47AE-B958-3012E449FFFC}
		{FC2D2335-6EDD-4A08-B0A9-C1A2A3F94FFD} = {95EB25AF-7F1C-4D21-BBAE-1B2B7B3D0A0D}
		{BAD5332D-8CD9-4E3C-950D-7522CAED82C2} = {95EB25AF-7F1C-4D21-BBAE-1B2B7B3D0A0D}
		{2710DC91-9528-400D-A44D-31716C043B4C} = {1A8774FE-9E58-429C-8FEC-0D4DE9DA3A52}
		{3D190224-92F7-4942-A1EF-B984B7C996AF} = {1A8774FE-9E58-429C-8FEC-0D4DE9DA3A52}
		{B0090BF4-9D81-4A03-A3C1-7EB5A1D4E840} = {1A8774FE-9E58-429C-8FEC-0D4DE9DA3A52}
		{59BCABF1-9C12-4FB7-8FEA-0416BE74C997} = {4E1FEF32-790C-4EEF-B088-4DB68A043737}
		{09E6174A-838B-4A0E-A67C-03ACF83E5C64} = {5BDFB6E3-8779-430B-A068-C764E70EEBD3}
		{B0F16F7C-C50F-481E-A59F-2681923EA45D} = {5BDFB6E3-8779-430B-A068-C764E70EEBD3}
		{E3DD5B96-1C0D-465B-B5B0-C8C2DE0302D5} = {5BDFB6E3-8779-430B-A068-C764E70EEBD3}
		{93A52F81-3607-4624-B73F-0FD99371F8CD} = {E7F0716D-9391-4531-B0BA-2A5AC46B1670}
		{F1CBC37B-6A01-4C51-9719-FD08E3F5E6F1} = {E7F0716D-9391-4531-B0BA-2A5AC46B1670}
		{CA5C2198-C0B9-4FBA-B351-1CF5A04481BC} = {95EB25AF-7F1C-4D21-BBAE-1B2B7B3D0A0D}
	EndGlobalSection
EndGlobal
